
Microsoft Visual Studio Solution File, Format Version 12.00
# Visual Studio Version 16
VisualStudioVersion = 16.0.30804.86
MinimumVisualStudioVersion = 10.0.40219.1
Project("{F2A71F9B-5D33-465A-A702-920D77279786}") = "LR6", "LR6\LR6.fsproj", "{39919D75-C6FC-4C54-B1B9-F8A09106AA4F}"
EndProject
Project("{F2A71F9B-5D33-465A-A702-920D77279786}") = "task1", "task1\task1.fsproj", "{F2F614A0-2B4B-40DC-96CF-AFD797906A40}"
EndProject
Global
	GlobalSection(SolutionConfigurationPlatforms) = preSolution
		Debug|Any CPU = Debug|Any CPU
		Release|Any CPU = Release|Any CPU
	EndGlobalSection
	GlobalSection(ProjectConfigurationPlatforms) = postSolution
		{39919D75-C6FC-4C54-B1B9-F8A09106AA4F}.Debug|Any CPU.ActiveCfg = Debug|Any CPU
		{39919D75-C6FC-4C54-B1B9-F8A09106AA4F}.Debug|Any CPU.Build.0 = Debug|Any CPU
		{39919D75-C6FC-4C54-B1B9-F8A09106AA4F}.Release|Any CPU.ActiveCfg = Release|Any CPU
		{39919D75-C6FC-4C54-B1B9-F8A09106AA4F}.Release|Any CPU.Build.0 = Release|Any CPU
		{F2F614A0-2B4B-40DC-96CF-AFD797906A40}.Debug|Any CPU.ActiveCfg = Debug|Any CPU
		{F2F614A0-2B4B-40DC-96CF-AFD797906A40}.Debug|Any CPU.Build.0 = Debug|Any CPU
		{F2F614A0-2B4B-40DC-96CF-AFD797906A40}.Release|Any CPU.ActiveCfg = Release|Any CPU
		{F2F614A0-2B4B-40DC-96CF-AFD797906A40}.Release|Any CPU.Build.0 = Release|Any CPU
	EndGlobalSection
	GlobalSection(SolutionProperties) = preSolution
		HideSolutionNode = FALSE
	EndGlobalSection
	GlobalSection(ExtensibilityGlobals) = postSolution
		SolutionGuid = {08237BBB-4630-4D16-8267-9C78EA31CCD7}
	EndGlobalSection
EndGlobal
